
Microsoft Visual Studio Solution File, Format Version 12.00
# Visual Studio Version 17
VisualStudioVersion = 17.13.35818.85 d17.13
MinimumVisualStudioVersion = 10.0.40219.1
Project("{FAE04EC0-301F-11D3-BF4B-00C04F79EFBC}") = "RestauranteDB", "RestauranteDB\RestauranteDB.csproj", "{22BFFF43-4126-493C-A9B3-A5E7FBD05FA8}"
EndProject
Global
	GlobalSection(SolutionConfigurationPlatforms) = preSolution
		Debug|Any CPU = Debug|Any CPU
		Release|Any CPU = Release|Any CPU
	EndGlobalSection
	GlobalSection(ProjectConfigurationPlatforms) = postSolution
		{22BFFF43-4126-493C-A9B3-A5E7FBD05FA8}.Debug|Any CPU.ActiveCfg = Debug|Any CPU
		{22BFFF43-4126-493C-A9B3-A5E7FBD05FA8}.Debug|Any CPU.Build.0 = Debug|Any CPU
		{22BFFF43-4126-493C-A9B3-A5E7FBD05FA8}.Release|Any CPU.ActiveCfg = Release|Any CPU
		{22BFFF43-4126-493C-A9B3-A5E7FBD05FA8}.Release|Any CPU.Build.0 = Release|Any CPU
	EndGlobalSection
	GlobalSection(SolutionProperties) = preSolution
		HideSolutionNode = FALSE
	EndGlobalSection
	GlobalSection(ExtensibilityGlobals) = postSolution
		SolutionGuid = {C1ACDB30-6162-45A6-B466-76A6295FCA39}
	EndGlobalSection
EndGlobal
